
Microsoft Visual Studio Solution File, Format Version 12.00
# Visual Studio Version 16
VisualStudioVersion = 16.0.30320.27
MinimumVisualStudioVersion = 10.0.40219.1
Project("{8BC9CEB8-8B4A-11D0-8D11-00A0C91BC942}") = "Sandbox", "Sandbox\Sandbox.vcxproj", "{B774547A-69AC-4A1C-B803-33583C422CE1}"
EndProject
Project("{8BC9CEB8-8B4A-11D0-8D11-00A0C91BC942}") = "Newton", "Newton\Newton.vcxproj", "{87200D49-431A-4375-8268-33F20B27A2D3}"
EndProject
Global
	GlobalSection(SolutionConfigurationPlatforms) = preSolution
		Debug|x64 = Debug|x64
		Release|x64 = Release|x64
	EndGlobalSection
	GlobalSection(ProjectConfigurationPlatforms) = postSolution
		{87200D49-431A-4375-8268-33F20B27A2D3}.Debug|x64.ActiveCfg = Debug|x64
		{87200D49-431A-4375-8268-33F20B27A2D3}.Debug|x64.Build.0 = Debug|x64
		{87200D49-431A-4375-8268-33F20B27A2D3}.Release|x64.ActiveCfg = Release|x64
		{87200D49-431A-4375-8268-33F20B27A2D3}.Release|x64.Build.0 = Release|x64
		{B774547A-69AC-4A1C-B803-33583C422CE1}.Debug|x64.ActiveCfg = Debug|x64
		{B774547A-69AC-4A1C-B803-33583C422CE1}.Debug|x64.Build.0 = Debug|x64
		{B774547A-69AC-4A1C-B803-33583C422CE1}.Release|x64.ActiveCfg = Release|x64
		{B774547A-69AC-4A1C-B803-33583C422CE1}.Release|x64.Build.0 = Release|x64
	EndGlobalSection
	GlobalSection(SolutionProperties) = preSolution
		HideSolutionNode = FALSE
	EndGlobalSection
	GlobalSection(ExtensibilityGlobals) = postSolution
		SolutionGuid = {49BE96CC-CF35-47A1-896E-6FDF9985735C}
	EndGlobalSection
EndGlobal
