<?xml version="1.0" encoding="utf-8"?>
<Project ToolsVersion="4.0" xmlns="http://schemas.microsoft.com/developer/msbuild/2003">
  <ItemGroup>
    <Filter Include="Newton">
      <UniqueIdentifier>{004E38C5-ECEF-629B-D5AA-76EFC1EBE9EB}</UniqueIdentifier>
    </Filter>
  </ItemGroup>
  <ItemGroup>
    <ClInclude Include="src\Newton.h" />
    <ClInclude Include="src\Newton\Application.h">
      <Filter>Newton</Filter>
    </ClInclude>
    <ClInclude Include="src\Newton\Core.h">
      <Filter>Newton</Filter>
    </ClInclude>
    <ClInclude Include="src\Newton\EntryPoint.h">
      <Filter>Newton</Filter>
    </ClInclude>
    <ClInclude Include="src\Newton\Log.h">
      <Filter>Newton</Filter>
    </ClInclude>
    <ClInclude Include="src\Newton\Events\ApplicationEvent.h" />
    <ClInclude Include="src\Newton\Events\Event.h" />
    <ClInclude Include="src\Newton\Events\KeyEvent.h" />
    <ClInclude Include="src\Newton\Events\MouseEvent.h" />
  </ItemGroup>
  <ItemGroup>
    <ClCompile Include="src\Newton\Application.cpp">
      <Filter>Newton</Filter>
    </ClCompile>
    <ClCompile Include="src\Newton\Log.cpp">
      <Filter>Newton</Filter>
    </ClCompile>
  </ItemGroup>
</Project>